
Microsoft Visual Studio Solution File, Format Version 12.00
Project("{FAE04EC0-301F-11D3-BF4B-00C04F79EFBC}") = "group_14_assignment4", "group_14_assignment4\group_14_assignment4.csproj", "{A39185B8-32D6-4B5B-A538-258B62A17953}"
EndProject
Global
	GlobalSection(SolutionConfigurationPlatforms) = preSolution
		Debug|Any CPU = Debug|Any CPU
		Release|Any CPU = Release|Any CPU
	EndGlobalSection
	GlobalSection(ProjectConfigurationPlatforms) = postSolution
		{A39185B8-32D6-4B5B-A538-258B62A17953}.Debug|Any CPU.ActiveCfg = Debug|Any CPU
		{A39185B8-32D6-4B5B-A538-258B62A17953}.Debug|Any CPU.Build.0 = Debug|Any CPU
		{A39185B8-32D6-4B5B-A538-258B62A17953}.Release|Any CPU.ActiveCfg = Release|Any CPU
		{A39185B8-32D6-4B5B-A538-258B62A17953}.Release|Any CPU.Build.0 = Release|Any CPU
	EndGlobalSection
EndGlobal
